# This file is automatically @generated by Poetry 2.1.1 and should not be changed by hand.

[[package]]
name = "colorama"
version = "0.4.6"
description = "Cross-platform colored terminal text."
optional = false
python-versions = "!=3.0.*,!=3.1.*,!=3.2.*,!=3.3.*,!=3.4.*,!=3.5.*,!=3.6.*,>=2.7"
groups = ["main"]
markers = "sys_platform == \"win32\""
files = [
    {file = "colorama-0.4.6-py2.py3-none-any.whl", hash = "sha256:4f1d9991f5acc0ca119f9d443620b77f9d6b33703e51011c16baf57afb285fc6"},
    {file = "colorama-0.4.6.tar.gz", hash = "sha256:08695f5cb7ed6e0531a20572697297273c47b8cae5a63ffc6d6ed5c201be6e44"},
]

[[package]]
name = "importlib"
version = "1.0.4"
description = "Backport of importlib.import_module() from Python 2.7"
optional = false
python-versions = "*"
groups = ["main"]
files = [
    {file = "importlib-1.0.4.zip", hash = "sha256:b6ee7066fea66e35f8d0acee24d98006de1a0a8a94a8ce6efe73a9a23c8d9826"},
]

[[package]]
name = "iniconfig"
version = "2.0.0"
description = "brain-dead simple config-ini parsing"
optional = false
python-versions = ">=3.7"
groups = ["main"]
files = [
    {file = "iniconfig-2.0.0-py3-none-any.whl", hash = "sha256:b6a85871a79d2e3b22d2d1b94ac2824226a63c6b741c88f7ae975f18b6778374"},
    {file = "iniconfig-2.0.0.tar.gz", hash = "sha256:2d91e135bf72d31a410b17c16da610a82cb55f6b0477d1a902134b24a455b8b3"},
]

[[package]]
name = "packaging"
version = "24.2"
description = "Core utilities for Python packages"
optional = false
python-versions = ">=3.8"
groups = ["main"]
files = [
    {file = "packaging-24.2-py3-none-any.whl", hash = "sha256:09abb1bccd265c01f4a3aa3f7a7db064b36514d2cba19a2f694fe6150451a759"},
    {file = "packaging-24.2.tar.gz", hash = "sha256:c228a6dc5e932d346bc5739379109d49e8853dd8223571c7c5b55260edc0b97f"},
]

[[package]]
name = "pluggy"
version = "1.5.0"
description = "plugin and hook calling mechanisms for python"
optional = false
python-versions = ">=3.8"
groups = ["main"]
files = [
    {file = "pluggy-1.5.0-py3-none-any.whl", hash = "sha256:44e1ad92c8ca002de6377e165f3e0f1be63266ab4d554740532335b9d75ea669"},
    {file = "pluggy-1.5.0.tar.gz", hash = "sha256:2cffa88e94fdc978c4c574f15f9e59b7f4201d439195c3715ca9e2486f1d0cf1"},
]

[package.extras]
dev = ["pre-commit", "tox"]
testing = ["pytest", "pytest-benchmark"]

[[package]]
name = "pycryptodome"
version = "3.22.0"
description = "Cryptographic library for Python"
optional = false
python-versions = "!=3.0.*,!=3.1.*,!=3.2.*,!=3.3.*,!=3.4.*,!=3.5.*,!=3.6.*,>=2.7"
groups = ["main"]
files = [
    {file = "pycryptodome-3.22.0-cp27-cp27m-macosx_10_9_x86_64.whl", hash = "sha256:96e73527c9185a3d9b4c6d1cfb4494f6ced418573150be170f6580cb975a7f5a"},
    {file = "pycryptodome-3.22.0-cp27-cp27m-manylinux2010_i686.whl", hash = "sha256:9e1bb165ea1dc83a11e5dbbe00ef2c378d148f3a2d3834fb5ba4e0f6fd0afe4b"},
    {file = "pycryptodome-3.22.0-cp27-cp27m-manylinux2010_x86_64.whl", hash = "sha256:d4d1174677855c266eed5c4b4e25daa4225ad0c9ffe7584bb1816767892545d0"},
    {file = "pycryptodome-3.22.0-cp27-cp27m-win32.whl", hash = "sha256:9dbb749cef71c28271484cbef684f9b5b19962153487735411e1020ca3f59cb1"},
    {file = "pycryptodome-3.22.0-cp27-cp27mu-manylinux2010_i686.whl", hash = "sha256:f1ae7beb64d4fc4903a6a6cca80f1f448e7a8a95b77d106f8a29f2eb44d17547"},
    {file = "pycryptodome-3.22.0-cp27-cp27mu-manylinux2010_x86_64.whl", hash = "sha256:a26bcfee1293b7257c83b0bd13235a4ee58165352be4f8c45db851ba46996dc6"},
    {file = "pycryptodome-3.22.0-cp37-abi3-macosx_10_9_universal2.whl", hash = "sha256:009e1c80eea42401a5bd5983c4bab8d516aef22e014a4705622e24e6d9d703c6"},
    {file = "pycryptodome-3.22.0-cp37-abi3-macosx_10_9_x86_64.whl", hash = "sha256:3b76fa80daeff9519d7e9f6d9e40708f2fce36b9295a847f00624a08293f4f00"},
    {file = "pycryptodome-3.22.0-cp37-abi3-manylinux_2_17_aarch64.manylinux2014_aarch64.whl", hash = "sha256:a31fa5914b255ab62aac9265654292ce0404f6b66540a065f538466474baedbc"},
    {file = "pycryptodome-3.22.0-cp37-abi3-manylinux_2_17_x86_64.manylinux2014_x86_64.whl", hash = "sha256:a0092fd476701eeeb04df5cc509d8b739fa381583cda6a46ff0a60639b7cd70d"},
    {file = "pycryptodome-3.22.0-cp37-abi3-manylinux_2_5_i686.manylinux1_i686.manylinux_2_17_i686.manylinux2014_i686.whl", hash = "sha256:18d5b0ddc7cf69231736d778bd3ae2b3efb681ae33b64b0c92fb4626bb48bb89"},
    {file = "pycryptodome-3.22.0-cp37-abi3-musllinux_1_2_aarch64.whl", hash = "sha256:f6cf6aa36fcf463e622d2165a5ad9963b2762bebae2f632d719dfb8544903cf5"},
    {file = "pycryptodome-3.22.0-cp37-abi3-musllinux_1_2_i686.whl", hash = "sha256:aec7b40a7ea5af7c40f8837adf20a137d5e11a6eb202cde7e588a48fb2d871a8"},
    {file = "pycryptodome-3.22.0-cp37-abi3-musllinux_1_2_x86_64.whl", hash = "sha256:d21c1eda2f42211f18a25db4eaf8056c94a8563cd39da3683f89fe0d881fb772"},
    {file = "pycryptodome-3.22.0-cp37-abi3-win32.whl", hash = "sha256:f02baa9f5e35934c6e8dcec91fcde96612bdefef6e442813b8ea34e82c84bbfb"},
    {file = "pycryptodome-3.22.0-cp37-abi3-win_amd64.whl", hash = "sha256:d086aed307e96d40c23c42418cbbca22ecc0ab4a8a0e24f87932eeab26c08627"},
    {file = "pycryptodome-3.22.0-pp27-pypy_73-manylinux2010_x86_64.whl", hash = "sha256:98fd9da809d5675f3a65dcd9ed384b9dc67edab6a4cda150c5870a8122ec961d"},
    {file = "pycryptodome-3.22.0-pp27-pypy_73-win32.whl", hash = "sha256:37ddcd18284e6b36b0a71ea495a4c4dca35bb09ccc9bfd5b91bfaf2321f131c1"},
    {file = "pycryptodome-3.22.0-pp310-pypy310_pp73-macosx_10_15_x86_64.whl", hash = "sha256:b4bdce34af16c1dcc7f8c66185684be15f5818afd2a82b75a4ce6b55f9783e13"},
    {file = "pycryptodome-3.22.0-pp310-pypy310_pp73-manylinux_2_17_aarch64.manylinux2014_aarch64.whl", hash = "sha256:2988ffcd5137dc2d27eb51cd18c0f0f68e5b009d5fec56fbccb638f90934f333"},
    {file = "pycryptodome-3.22.0-pp310-pypy310_pp73-manylinux_2_17_x86_64.manylinux2014_x86_64.whl", hash = "sha256:e653519dedcd1532788547f00eeb6108cc7ce9efdf5cc9996abce0d53f95d5a9"},
    {file = "pycryptodome-3.22.0-pp310-pypy310_pp73-manylinux_2_5_i686.manylinux1_i686.manylinux_2_17_i686.manylinux2014_i686.whl", hash = "sha256:f5810bc7494e4ac12a4afef5a32218129e7d3890ce3f2b5ec520cc69eb1102ad"},
    {file = "pycryptodome-3.22.0-pp310-pypy310_pp73-win_amd64.whl", hash = "sha256:e7514a1aebee8e85802d154fdb261381f1cb9b7c5a54594545145b8ec3056ae6"},
    {file = "pycryptodome-3.22.0-pp39-pypy39_pp73-macosx_10_15_x86_64.whl", hash = "sha256:56c6f9342fcb6c74e205fbd2fee568ec4cdbdaa6165c8fde55dbc4ba5f584464"},
    {file = "pycryptodome-3.22.0-pp39-pypy39_pp73-manylinux_2_17_aarch64.manylinux2014_aarch64.whl", hash = "sha256:87a88dc543b62b5c669895caf6c5a958ac7abc8863919e94b7a6cafd2f64064f"},
    {file = "pycryptodome-3.22.0-pp39-pypy39_pp73-manylinux_2_17_x86_64.manylinux2014_x86_64.whl", hash = "sha256:f7a683bc9fa585c0dfec7fa4801c96a48d30b30b096e3297f9374f40c2fedafc"},
    {file = "pycryptodome-3.22.0-pp39-pypy39_pp73-manylinux_2_5_i686.manylinux1_i686.manylinux_2_17_i686.manylinux2014_i686.whl", hash = "sha256:8f4f6f47a7f411f2c157e77bbbda289e0c9f9e1e9944caa73c1c2e33f3f92d6e"},
    {file = "pycryptodome-3.22.0-pp39-pypy39_pp73-win_amd64.whl", hash = "sha256:a6cf9553b29624961cab0785a3177a333e09e37ba62ad22314ebdbb01ca79840"},
    {file = "pycryptodome-3.22.0.tar.gz", hash = "sha256:fd7ab568b3ad7b77c908d7c3f7e167ec5a8f035c64ff74f10d47a4edd043d723"},
]

[[package]]
name = "pyqt6"
version = "6.8.0"
description = "Python bindings for the Qt cross platform application toolkit"
optional = false
python-versions = ">=3.9"
groups = ["main"]
files = [
    {file = "PyQt6-6.8.0-cp39-abi3-macosx_10_14_universal2.whl", hash = "sha256:8c5c05f5fdff31a5887dbc29b27615b09df467631238d7b449283809ffca6228"},
    {file = "PyQt6-6.8.0-cp39-abi3-manylinux_2_28_x86_64.whl", hash = "sha256:3a4354816f11e812b727206a9ea6e79ff3774f1bb7228ad4b9318442d2c64ff9"},
    {file = "PyQt6-6.8.0-cp39-abi3-manylinux_2_35_x86_64.whl", hash = "sha256:452bae5840077bf0f146c798d7777f70d7bdd0c7dcfa9ee7a415c1daf2d10038"},
    {file = "PyQt6-6.8.0-cp39-abi3-manylinux_2_39_aarch64.whl", hash = "sha256:cf7123caea14e7ecf10bd12cae48e8d9970ef7caf627bc7d7988b0baa209adb3"},
    {file = "PyQt6-6.8.0-cp39-abi3-win_amd64.whl", hash = "sha256:a9913d479f1ffee804bf7f232079baea4fb4b221a8f4890117588917a54ea30d"},
    {file = "PyQt6-6.8.0-cp39-abi3-win_arm64.whl", hash = "sha256:48bace7b87676bba5e6114482f3a20ca20be90c7f261b5d340464313f5f2bf5e"},
    {file = "PyQt6-6.8.0.tar.gz", hash = "sha256:6d8628de4c2a050f0b74462e4c9cb97f839bf6ffabbca91711722ffb281570d9"},
]

[package.dependencies]
PyQt6-Qt6 = ">=6.8.0,<6.9.0"
PyQt6-sip = ">=13.8,<14"

[[package]]
name = "pyqt6-qt6"
version = "6.8.1"
description = "The subset of a Qt installation needed by PyQt6."
optional = false
python-versions = "*"
groups = ["main"]
files = [
    {file = "PyQt6_Qt6-6.8.1-1-py3-none-manylinux_2_28_x86_64.whl", hash = "sha256:2f4b8b55b1414b93f340f22e8c88d25550efcdebc4b65a3927dd947b73bd4358"},
    {file = "PyQt6_Qt6-6.8.1-1-py3-none-manylinux_2_39_aarch64.whl", hash = "sha256:98aa99fe38ae68c5318284cd28f3479ba538c40bf6ece293980abae0925c1b24"},
    {file = "PyQt6_Qt6-6.8.1-py3-none-macosx_10_14_x86_64.whl", hash = "sha256:1eb8460a1fdb38d0b2458c2974c01d471c1e59e4eb19ea63fc447aaba3ad530e"},
    {file = "PyQt6_Qt6-6.8.1-py3-none-macosx_11_0_arm64.whl", hash = "sha256:9f3790c4ce4dc576e48b8718d55fb8743057e6cbd53a6ca1dd253ffbac9b7287"},
    {file = "PyQt6_Qt6-6.8.1-py3-none-manylinux_2_28_x86_64.whl", hash = "sha256:d6ca5d2b9d2ec0ee4a814b2175f641a5c4299cb80b45e0f5f8356632663f89b3"},
    {file = "PyQt6_Qt6-6.8.1-py3-none-manylinux_2_35_x86_64.whl", hash = "sha256:08065d595f1e6fc2dde9f4450eeff89082f4bad26f600a8e9b9cc5966716bfcf"},
    {file = "PyQt6_Qt6-6.8.1-py3-none-manylinux_2_39_aarch64.whl", hash = "sha256:20843cb86bd94942d1cd99e39bf1aeabb875b241a35a8ab273e4bbbfa63776db"},
    {file = "PyQt6_Qt6-6.8.1-py3-none-win_amd64.whl", hash = "sha256:006d786693d0511fbcf184a862edbd339c6ed1bb3bd9de363d73a19ed4b23dff"},
    {file = "PyQt6_Qt6-6.8.1-py3-none-win_arm64.whl", hash = "sha256:a8bc2ed4ee5e7c6ff4dd1c7db0b27705d151fee5dc232bbd1bf17618f937f515"},
]

[[package]]
name = "pyqt6-sip"
version = "13.9.1"
description = "The sip module support for PyQt6"
optional = false
python-versions = ">=3.9"
groups = ["main"]
files = [
    {file = "PyQt6_sip-13.9.1-cp310-cp310-macosx_10_9_universal2.whl", hash = "sha256:e996d320744ca8342cad6f9454345330d4f06bce129812d032bda3bad6967c5c"},
    {file = "PyQt6_sip-13.9.1-cp310-cp310-manylinux_2_17_aarch64.manylinux2014_aarch64.whl", hash = "sha256:2ab85aaf155828331399c59ebdd4d3b0358e42c08250e86b43d56d9873df148a"},
    {file = "PyQt6_sip-13.9.1-cp310-cp310-manylinux_2_5_x86_64.manylinux1_x86_64.whl", hash = "sha256:22d66256b800f552ade51a463510bf905f3cb318aae00ff4288fae4de5d0e600"},
    {file = "PyQt6_sip-13.9.1-cp310-cp310-win_amd64.whl", hash = "sha256:5643c92424fe62cb0b33378fef3d28c1525f91ada79e8a15bd9a05414a09503d"},
    {file = "PyQt6_sip-13.9.1-cp311-cp311-macosx_10_9_universal2.whl", hash = "sha256:57b5312ef13c1766bdf69b317041140b184eb24a51e1e23ce8fc5386ba8dffb2"},
    {file = "PyQt6_sip-13.9.1-cp311-cp311-manylinux_2_17_aarch64.manylinux2014_aarch64.whl", hash = "sha256:5004514b08b045ad76425cf3618187091a668d972b017677b1b4b193379ef553"},
    {file = "PyQt6_sip-13.9.1-cp311-cp311-manylinux_2_5_x86_64.manylinux1_x86_64.whl", hash = "sha256:accab6974b2758296400120fdcc9d1f37785b2ea2591f00656e1776f058ded6c"},
    {file = "PyQt6_sip-13.9.1-cp311-cp311-win_amd64.whl", hash = "sha256:1ec52e962f54137a19208b6e95b6bd9f7a403eb25d7237768a99306cd9db26d1"},
    {file = "PyQt6_sip-13.9.1-cp311-cp311-win_arm64.whl", hash = "sha256:6e6c1e2592187934f4e790c0c099d0033e986dcef7bdd3c06e3895ffa995e9fc"},
    {file = "PyQt6_sip-13.9.1-cp312-cp312-macosx_10_9_universal2.whl", hash = "sha256:1fb405615970e85b622b13b4cad140ff1e4182eb8334a0b27a4698e6217b89b0"},
    {file = "PyQt6_sip-13.9.1-cp312-cp312-manylinux_2_17_aarch64.manylinux2014_aarch64.whl", hash = "sha256:c800db3464481e87b1d2b84523b075df1e8fc7856c6f9623dc243f89be1cb604"},
    {file = "PyQt6_sip-13.9.1-cp312-cp312-manylinux_2_5_x86_64.manylinux1_x86_64.whl", hash = "sha256:c1942e107b0243ced9e510d507e0f27aeea9d6b13e0a1b7c06fd52a62e0d41f7"},
    {file = "PyQt6_sip-13.9.1-cp312-cp312-win_amd64.whl", hash = "sha256:552ff8fdc41f5769d3eccc661f022ed496f55f6e0a214c20aaf56e56385d61b6"},
    {file = "PyQt6_sip-13.9.1-cp312-cp312-win_arm64.whl", hash = "sha256:976c7758f668806d4df7a8853f390ac123d5d1f73591ed368bdb8963574ff589"},
    {file = "PyQt6_sip-13.9.1-cp313-cp313-macosx_10_13_universal2.whl", hash = "sha256:56ce0afb19cd8a8c63ff93ae506dffb74f844b88adaa6673ebc0dec43af48a76"},
    {file = "PyQt6_sip-13.9.1-cp313-cp313-manylinux_2_17_aarch64.manylinux2014_aarch64.whl", hash = "sha256:5d7726556d1ca7a7ed78e19ba53285b64a2a8f6ad7ff4cb18a1832efca1a3102"},
    {file = "PyQt6_sip-13.9.1-cp313-cp313-manylinux_2_5_x86_64.manylinux1_x86_64.whl", hash = "sha256:14f95c6352e3b85dc26bf59cfbf77a470ecbd5fcdcf00af4b648f0e1b9eefb9e"},
    {file = "PyQt6_sip-13.9.1-cp313-cp313-win_amd64.whl", hash = "sha256:3c269052c770c09b61fce2f2f9ea934a67dfc65f443d59629b4ccc8f89751890"},
    {file = "PyQt6_sip-13.9.1-cp313-cp313-win_arm64.whl", hash = "sha256:8b2ac36d6e04db6099614b9c1178a2f87788c7ffc3826571fb63d36ddb4c401d"},
    {file = "PyQt6_sip-13.9.1-cp39-cp39-macosx_10_9_universal2.whl", hash = "sha256:69a879cfc94f4984d180321b76f52923861cd5bf4969aa885eef7591ee932517"},
    {file = "PyQt6_sip-13.9.1-cp39-cp39-manylinux_2_17_aarch64.manylinux2014_aarch64.whl", hash = "sha256:fa27b51ae4c7013b3700cf0ecf46907d1333ae396fc6511311920485cbce094b"},
    {file = "PyQt6_sip-13.9.1-cp39-cp39-manylinux_2_5_x86_64.manylinux1_x86_64.whl", hash = "sha256:1d322ded1d1fea339cc6ac65b768e72c69c486eebb7db6ccde061b5786d74cc5"},
    {file = "PyQt6_sip-13.9.1-cp39-cp39-win_amd64.whl", hash = "sha256:8c207528992d59b0801458aa6fcff118e5c099608ef0fc6ff8bccbdc23f29c04"},
    {file = "pyqt6_sip-13.9.1.tar.gz", hash = "sha256:15be741d1ae8c82bb7afe9a61f3cf8c50457f7d61229a1c39c24cd6e8f4d86dc"},
]

[[package]]
name = "pytest"
version = "8.3.4"
description = "pytest: simple powerful testing with Python"
optional = false
python-versions = ">=3.8"
groups = ["main"]
files = [
    {file = "pytest-8.3.4-py3-none-any.whl", hash = "sha256:50e16d954148559c9a74109af1eaf0c945ba2d8f30f0a3d3335edde19788b6f6"},
    {file = "pytest-8.3.4.tar.gz", hash = "sha256:965370d062bce11e73868e0335abac31b4d3de0e82f4007408d242b4f8610761"},
]

[package.dependencies]
colorama = {version = "*", markers = "sys_platform == \"win32\""}
iniconfig = "*"
packaging = "*"
pluggy = ">=1.5,<2"

[package.extras]
dev = ["argcomplete", "attrs (>=19.2)", "hypothesis (>=3.56)", "mock", "pygments (>=2.7.2)", "requests", "setuptools", "xmlschema"]

[metadata]
lock-version = "2.1"
python-versions = ">=3.12"
content-hash = "667d8b9a923d83481ab6f0882b31708008cbe9b93f9f2bb77db3b10e6c374746"
